
Microsoft Visual Studio Solution File, Format Version 12.00
# Visual Studio Version 16
VisualStudioVersion = 16.0.33130.400
MinimumVisualStudioVersion = 10.0.40219.1
Project("{FAE04EC0-301F-11D3-BF4B-00C04F79EFBC}") = "CALLING METHODS", "CALLING METHODS\CALLING METHODS.csproj", "{BADF7833-D1C1-41BA-82CE-1D1085977538}"
EndProject
Global
	GlobalSection(SolutionConfigurationPlatforms) = preSolution
		Debug|Any CPU = Debug|Any CPU
		Release|Any CPU = Release|Any CPU
	EndGlobalSection
	GlobalSection(ProjectConfigurationPlatforms) = postSolution
		{BADF7833-D1C1-41BA-82CE-1D1085977538}.Debug|Any CPU.ActiveCfg = Debug|Any CPU
		{BADF7833-D1C1-41BA-82CE-1D1085977538}.Debug|Any CPU.Build.0 = Debug|Any CPU
		{BADF7833-D1C1-41BA-82CE-1D1085977538}.Release|Any CPU.ActiveCfg = Release|Any CPU
		{BADF7833-D1C1-41BA-82CE-1D1085977538}.Release|Any CPU.Build.0 = Release|Any CPU
	EndGlobalSection
	GlobalSection(SolutionProperties) = preSolution
		HideSolutionNode = FALSE
	EndGlobalSection
	GlobalSection(ExtensibilityGlobals) = postSolution
		SolutionGuid = {8BE9F682-BD8B-4C09-B70A-CB2A7FBDA4B7}
	EndGlobalSection
EndGlobal
