
Microsoft Visual Studio Solution File, Format Version 12.00
# Visual Studio Version 16
VisualStudioVersion = 16.0.33130.400
MinimumVisualStudioVersion = 10.0.40219.1
Project("{FAE04EC0-301F-11D3-BF4B-00C04F79EFBC}") = "MAIN METHOD", "MAIN METHOD\MAIN METHOD.csproj", "{425D05DC-8B5F-44DE-9B17-21174BFC5732}"
EndProject
Global
	GlobalSection(SolutionConfigurationPlatforms) = preSolution
		Debug|Any CPU = Debug|Any CPU
		Release|Any CPU = Release|Any CPU
	EndGlobalSection
	GlobalSection(ProjectConfigurationPlatforms) = postSolution
		{425D05DC-8B5F-44DE-9B17-21174BFC5732}.Debug|Any CPU.ActiveCfg = Debug|Any CPU
		{425D05DC-8B5F-44DE-9B17-21174BFC5732}.Debug|Any CPU.Build.0 = Debug|Any CPU
		{425D05DC-8B5F-44DE-9B17-21174BFC5732}.Release|Any CPU.ActiveCfg = Release|Any CPU
		{425D05DC-8B5F-44DE-9B17-21174BFC5732}.Release|Any CPU.Build.0 = Release|Any CPU
	EndGlobalSection
	GlobalSection(SolutionProperties) = preSolution
		HideSolutionNode = FALSE
	EndGlobalSection
	GlobalSection(ExtensibilityGlobals) = postSolution
		SolutionGuid = {C3554241-0556-4B4F-86BA-265481324965}
	EndGlobalSection
EndGlobal
