
Microsoft Visual Studio Solution File, Format Version 12.00
# Visual Studio Version 16
VisualStudioVersion = 16.0.33130.400
MinimumVisualStudioVersion = 10.0.40219.1
Project("{9A19103F-16F7-4668-BE54-9A1E7A4F7556}") = "DAILY REPORT", "DAILY REPORT\DAILY REPORT.csproj", "{1C5499D2-8489-4A86-AE11-590A2DB358CD}"
EndProject
Project("{9A19103F-16F7-4668-BE54-9A1E7A4F7556}") = "VariablesAndDataTypes", "..\VariablesAndDataTypes\VariablesAndDataTypes\VariablesAndDataTypes.csproj", "{4939623A-BA6A-4BC1-8D26-8DD48891719D}"
EndProject
Project("{FAE04EC0-301F-11D3-BF4B-00C04F79EFBC}") = "MathAndComparisonOperators", "MathAndComparisonOperators\MathAndComparisonOperators.csproj", "{A607614E-9DC5-4774-8CC0-52062B577041}"
EndProject
Global
	GlobalSection(SolutionConfigurationPlatforms) = preSolution
		Debug|Any CPU = Debug|Any CPU
		Release|Any CPU = Release|Any CPU
	EndGlobalSection
	GlobalSection(ProjectConfigurationPlatforms) = postSolution
		{1C5499D2-8489-4A86-AE11-590A2DB358CD}.Debug|Any CPU.ActiveCfg = Debug|Any CPU
		{1C5499D2-8489-4A86-AE11-590A2DB358CD}.Debug|Any CPU.Build.0 = Debug|Any CPU
		{1C5499D2-8489-4A86-AE11-590A2DB358CD}.Release|Any CPU.ActiveCfg = Release|Any CPU
		{1C5499D2-8489-4A86-AE11-590A2DB358CD}.Release|Any CPU.Build.0 = Release|Any CPU
		{4939623A-BA6A-4BC1-8D26-8DD48891719D}.Debug|Any CPU.ActiveCfg = Debug|Any CPU
		{4939623A-BA6A-4BC1-8D26-8DD48891719D}.Debug|Any CPU.Build.0 = Debug|Any CPU
		{4939623A-BA6A-4BC1-8D26-8DD48891719D}.Release|Any CPU.ActiveCfg = Release|Any CPU
		{4939623A-BA6A-4BC1-8D26-8DD48891719D}.Release|Any CPU.Build.0 = Release|Any CPU
		{A607614E-9DC5-4774-8CC0-52062B577041}.Debug|Any CPU.ActiveCfg = Debug|Any CPU
		{A607614E-9DC5-4774-8CC0-52062B577041}.Debug|Any CPU.Build.0 = Debug|Any CPU
		{A607614E-9DC5-4774-8CC0-52062B577041}.Release|Any CPU.ActiveCfg = Release|Any CPU
		{A607614E-9DC5-4774-8CC0-52062B577041}.Release|Any CPU.Build.0 = Release|Any CPU
	EndGlobalSection
	GlobalSection(SolutionProperties) = preSolution
		HideSolutionNode = FALSE
	EndGlobalSection
	GlobalSection(ExtensibilityGlobals) = postSolution
		SolutionGuid = {4B06FEC0-86A2-4846-9B18-EED9094D3CCE}
	EndGlobalSection
EndGlobal
