
Microsoft Visual Studio Solution File, Format Version 12.00
# Visual Studio Version 16
VisualStudioVersion = 16.0.33130.400
MinimumVisualStudioVersion = 10.0.40219.1
Project("{FAE04EC0-301F-11D3-BF4B-00C04F79EFBC}") = "Constructor", "Constructor\Constructor.csproj", "{0551BA15-6559-4AA1-A084-BA1A7DEC7D9B}"
EndProject
Global
	GlobalSection(SolutionConfigurationPlatforms) = preSolution
		Debug|Any CPU = Debug|Any CPU
		Release|Any CPU = Release|Any CPU
	EndGlobalSection
	GlobalSection(ProjectConfigurationPlatforms) = postSolution
		{0551BA15-6559-4AA1-A084-BA1A7DEC7D9B}.Debug|Any CPU.ActiveCfg = Debug|Any CPU
		{0551BA15-6559-4AA1-A084-BA1A7DEC7D9B}.Debug|Any CPU.Build.0 = Debug|Any CPU
		{0551BA15-6559-4AA1-A084-BA1A7DEC7D9B}.Release|Any CPU.ActiveCfg = Release|Any CPU
		{0551BA15-6559-4AA1-A084-BA1A7DEC7D9B}.Release|Any CPU.Build.0 = Release|Any CPU
	EndGlobalSection
	GlobalSection(SolutionProperties) = preSolution
		HideSolutionNode = FALSE
	EndGlobalSection
	GlobalSection(ExtensibilityGlobals) = postSolution
		SolutionGuid = {F634E85A-681C-4768-9931-8F0EB0CDFB69}
	EndGlobalSection
EndGlobal
