
Microsoft Visual Studio Solution File, Format Version 12.00
# Visual Studio Version 16
VisualStudioVersion = 16.0.33130.400
MinimumVisualStudioVersion = 10.0.40219.1
Project("{FAE04EC0-301F-11D3-BF4B-00C04F79EFBC}") = "METHOD 3", "METHOD 3\METHOD 3.csproj", "{21A311AE-2D7F-4D01-AACB-CA509F19D574}"
EndProject
Global
	GlobalSection(SolutionConfigurationPlatforms) = preSolution
		Debug|Any CPU = Debug|Any CPU
		Release|Any CPU = Release|Any CPU
	EndGlobalSection
	GlobalSection(ProjectConfigurationPlatforms) = postSolution
		{21A311AE-2D7F-4D01-AACB-CA509F19D574}.Debug|Any CPU.ActiveCfg = Debug|Any CPU
		{21A311AE-2D7F-4D01-AACB-CA509F19D574}.Debug|Any CPU.Build.0 = Debug|Any CPU
		{21A311AE-2D7F-4D01-AACB-CA509F19D574}.Release|Any CPU.ActiveCfg = Release|Any CPU
		{21A311AE-2D7F-4D01-AACB-CA509F19D574}.Release|Any CPU.Build.0 = Release|Any CPU
	EndGlobalSection
	GlobalSection(SolutionProperties) = preSolution
		HideSolutionNode = FALSE
	EndGlobalSection
	GlobalSection(ExtensibilityGlobals) = postSolution
		SolutionGuid = {7EB6482C-F635-4809-ADC5-33C4A5597C2D}
	EndGlobalSection
EndGlobal
