
Microsoft Visual Studio Solution File, Format Version 12.00
# Visual Studio Version 16
VisualStudioVersion = 16.0.33130.400
MinimumVisualStudioVersion = 10.0.40219.1
Project("{FAE04EC0-301F-11D3-BF4B-00C04F79EFBC}") = "parsing enums", "parsing enums\parsing enums.csproj", "{8233F4E2-B801-4166-878A-BD03628A33BF}"
EndProject
Global
	GlobalSection(SolutionConfigurationPlatforms) = preSolution
		Debug|Any CPU = Debug|Any CPU
		Release|Any CPU = Release|Any CPU
	EndGlobalSection
	GlobalSection(ProjectConfigurationPlatforms) = postSolution
		{8233F4E2-B801-4166-878A-BD03628A33BF}.Debug|Any CPU.ActiveCfg = Debug|Any CPU
		{8233F4E2-B801-4166-878A-BD03628A33BF}.Debug|Any CPU.Build.0 = Debug|Any CPU
		{8233F4E2-B801-4166-878A-BD03628A33BF}.Release|Any CPU.ActiveCfg = Release|Any CPU
		{8233F4E2-B801-4166-878A-BD03628A33BF}.Release|Any CPU.Build.0 = Release|Any CPU
	EndGlobalSection
	GlobalSection(SolutionProperties) = preSolution
		HideSolutionNode = FALSE
	EndGlobalSection
	GlobalSection(ExtensibilityGlobals) = postSolution
		SolutionGuid = {14AC5133-351E-4D45-8DDD-5CE681353195}
	EndGlobalSection
EndGlobal
