
Microsoft Visual Studio Solution File, Format Version 12.00
# Visual Studio Version 16
VisualStudioVersion = 16.0.33130.400
MinimumVisualStudioVersion = 10.0.40219.1
Project("{FAE04EC0-301F-11D3-BF4B-00C04F79EFBC}") = "Method Class", "Method Class\Method Class.csproj", "{9827DD89-28CF-4CAE-B938-8F4DA37625AB}"
EndProject
Global
	GlobalSection(SolutionConfigurationPlatforms) = preSolution
		Debug|Any CPU = Debug|Any CPU
		Release|Any CPU = Release|Any CPU
	EndGlobalSection
	GlobalSection(ProjectConfigurationPlatforms) = postSolution
		{9827DD89-28CF-4CAE-B938-8F4DA37625AB}.Debug|Any CPU.ActiveCfg = Debug|Any CPU
		{9827DD89-28CF-4CAE-B938-8F4DA37625AB}.Debug|Any CPU.Build.0 = Debug|Any CPU
		{9827DD89-28CF-4CAE-B938-8F4DA37625AB}.Release|Any CPU.ActiveCfg = Release|Any CPU
		{9827DD89-28CF-4CAE-B938-8F4DA37625AB}.Release|Any CPU.Build.0 = Release|Any CPU
	EndGlobalSection
	GlobalSection(SolutionProperties) = preSolution
		HideSolutionNode = FALSE
	EndGlobalSection
	GlobalSection(ExtensibilityGlobals) = postSolution
		SolutionGuid = {D4FE37E3-2110-4023-B877-541DE393C7AA}
	EndGlobalSection
EndGlobal
