
Microsoft Visual Studio Solution File, Format Version 12.00
# Visual Studio Version 16
VisualStudioVersion = 16.0.33130.400
MinimumVisualStudioVersion = 10.0.40219.1
Project("{FAE04EC0-301F-11D3-BF4B-00C04F79EFBC}") = "METHOD 2", "METHOD 2\METHOD 2.csproj", "{F63C9FD0-2536-4E8E-9084-99D3967CC08E}"
EndProject
Global
	GlobalSection(SolutionConfigurationPlatforms) = preSolution
		Debug|Any CPU = Debug|Any CPU
		Release|Any CPU = Release|Any CPU
	EndGlobalSection
	GlobalSection(ProjectConfigurationPlatforms) = postSolution
		{F63C9FD0-2536-4E8E-9084-99D3967CC08E}.Debug|Any CPU.ActiveCfg = Debug|Any CPU
		{F63C9FD0-2536-4E8E-9084-99D3967CC08E}.Debug|Any CPU.Build.0 = Debug|Any CPU
		{F63C9FD0-2536-4E8E-9084-99D3967CC08E}.Release|Any CPU.ActiveCfg = Release|Any CPU
		{F63C9FD0-2536-4E8E-9084-99D3967CC08E}.Release|Any CPU.Build.0 = Release|Any CPU
	EndGlobalSection
	GlobalSection(SolutionProperties) = preSolution
		HideSolutionNode = FALSE
	EndGlobalSection
	GlobalSection(ExtensibilityGlobals) = postSolution
		SolutionGuid = {73DD6C55-96B1-409B-80CB-3445279AAA78}
	EndGlobalSection
EndGlobal
