
Microsoft Visual Studio Solution File, Format Version 12.00
# Visual Studio Version 16
VisualStudioVersion = 16.0.33130.400
MinimumVisualStudioVersion = 10.0.40219.1
Project("{FAE04EC0-301F-11D3-BF4B-00C04F79EFBC}") = "CONSOLE APP", "CONSOLE APP\CONSOLE APP.csproj", "{CC376D5A-6ED7-4759-8ED4-6E23B1C7644F}"
EndProject
Global
	GlobalSection(SolutionConfigurationPlatforms) = preSolution
		Debug|Any CPU = Debug|Any CPU
		Release|Any CPU = Release|Any CPU
	EndGlobalSection
	GlobalSection(ProjectConfigurationPlatforms) = postSolution
		{CC376D5A-6ED7-4759-8ED4-6E23B1C7644F}.Debug|Any CPU.ActiveCfg = Debug|Any CPU
		{CC376D5A-6ED7-4759-8ED4-6E23B1C7644F}.Debug|Any CPU.Build.0 = Debug|Any CPU
		{CC376D5A-6ED7-4759-8ED4-6E23B1C7644F}.Release|Any CPU.ActiveCfg = Release|Any CPU
		{CC376D5A-6ED7-4759-8ED4-6E23B1C7644F}.Release|Any CPU.Build.0 = Release|Any CPU
	EndGlobalSection
	GlobalSection(SolutionProperties) = preSolution
		HideSolutionNode = FALSE
	EndGlobalSection
	GlobalSection(ExtensibilityGlobals) = postSolution
		SolutionGuid = {74AA49C5-37C0-43EB-96CC-5809905C2067}
	EndGlobalSection
EndGlobal
