
Microsoft Visual Studio Solution File, Format Version 12.00
# Visual Studio Version 16
VisualStudioVersion = 16.0.33130.400
MinimumVisualStudioVersion = 10.0.40219.1
Project("{FAE04EC0-301F-11D3-BF4B-00C04F79EFBC}") = "Operators", "Operators\Operators.csproj", "{E338525D-7323-4BE2-A59A-6B699512734F}"
EndProject
Global
	GlobalSection(SolutionConfigurationPlatforms) = preSolution
		Debug|Any CPU = Debug|Any CPU
		Release|Any CPU = Release|Any CPU
	EndGlobalSection
	GlobalSection(ProjectConfigurationPlatforms) = postSolution
		{E338525D-7323-4BE2-A59A-6B699512734F}.Debug|Any CPU.ActiveCfg = Debug|Any CPU
		{E338525D-7323-4BE2-A59A-6B699512734F}.Debug|Any CPU.Build.0 = Debug|Any CPU
		{E338525D-7323-4BE2-A59A-6B699512734F}.Release|Any CPU.ActiveCfg = Release|Any CPU
		{E338525D-7323-4BE2-A59A-6B699512734F}.Release|Any CPU.Build.0 = Release|Any CPU
	EndGlobalSection
	GlobalSection(SolutionProperties) = preSolution
		HideSolutionNode = FALSE
	EndGlobalSection
	GlobalSection(ExtensibilityGlobals) = postSolution
		SolutionGuid = {86CC1FB9-3EF8-4A41-8C3D-678DFE9D6316}
	EndGlobalSection
EndGlobal
