
Microsoft Visual Studio Solution File, Format Version 12.00
# Visual Studio Version 16
VisualStudioVersion = 16.0.33130.400
MinimumVisualStudioVersion = 10.0.40219.1
Project("{FAE04EC0-301F-11D3-BF4B-00C04F79EFBC}") = "CONSOLE APP STRINGS AND INTEGERS", "CONSOLE APP STRINGS AND INTEGERS\CONSOLE APP STRINGS AND INTEGERS.csproj", "{23D0ABCC-0454-406D-83CC-347170523542}"
EndProject
Global
	GlobalSection(SolutionConfigurationPlatforms) = preSolution
		Debug|Any CPU = Debug|Any CPU
		Release|Any CPU = Release|Any CPU
	EndGlobalSection
	GlobalSection(ProjectConfigurationPlatforms) = postSolution
		{23D0ABCC-0454-406D-83CC-347170523542}.Debug|Any CPU.ActiveCfg = Debug|Any CPU
		{23D0ABCC-0454-406D-83CC-347170523542}.Debug|Any CPU.Build.0 = Debug|Any CPU
		{23D0ABCC-0454-406D-83CC-347170523542}.Release|Any CPU.ActiveCfg = Release|Any CPU
		{23D0ABCC-0454-406D-83CC-347170523542}.Release|Any CPU.Build.0 = Release|Any CPU
	EndGlobalSection
	GlobalSection(SolutionProperties) = preSolution
		HideSolutionNode = FALSE
	EndGlobalSection
	GlobalSection(ExtensibilityGlobals) = postSolution
		SolutionGuid = {B4BC70D6-A494-40EE-8532-D85BD9EA62CC}
	EndGlobalSection
EndGlobal
