
Microsoft Visual Studio Solution File, Format Version 12.00
# Visual Studio Version 16
VisualStudioVersion = 16.0.33130.400
MinimumVisualStudioVersion = 10.0.40219.1
Project("{FAE04EC0-301F-11D3-BF4B-00C04F79EFBC}") = "MATH AND COMPARISON OPERATOR", "MATH AND COMPARISON OPERATOR\MATH AND COMPARISON OPERATOR.csproj", "{F7A3CD85-DE11-4D0C-A1B2-E79F7F19D593}"
EndProject
Global
	GlobalSection(SolutionConfigurationPlatforms) = preSolution
		Debug|Any CPU = Debug|Any CPU
		Release|Any CPU = Release|Any CPU
	EndGlobalSection
	GlobalSection(ProjectConfigurationPlatforms) = postSolution
		{F7A3CD85-DE11-4D0C-A1B2-E79F7F19D593}.Debug|Any CPU.ActiveCfg = Debug|Any CPU
		{F7A3CD85-DE11-4D0C-A1B2-E79F7F19D593}.Debug|Any CPU.Build.0 = Debug|Any CPU
		{F7A3CD85-DE11-4D0C-A1B2-E79F7F19D593}.Release|Any CPU.ActiveCfg = Release|Any CPU
		{F7A3CD85-DE11-4D0C-A1B2-E79F7F19D593}.Release|Any CPU.Build.0 = Release|Any CPU
	EndGlobalSection
	GlobalSection(SolutionProperties) = preSolution
		HideSolutionNode = FALSE
	EndGlobalSection
	GlobalSection(ExtensibilityGlobals) = postSolution
		SolutionGuid = {AE5CD06E-BA33-4884-9E35-4ECC086CDCA9}
	EndGlobalSection
EndGlobal
